
Microsoft Visual Studio Solution File, Format Version 12.00
# Visual Studio Version 17
VisualStudioVersion = 17.12.35527.113
MinimumVisualStudioVersion = 10.0.40219.1
Project("{FAE04EC0-301F-11D3-BF4B-00C04F79EFBC}") = "nlogconsoleapp", "nlogconsoleapp.csproj", "{6979B37C-5268-4AAB-9D00-A9927136A323}"
EndProject
Project("{FAE04EC0-301F-11D3-BF4B-00C04F79EFBC}") = "DotNet-Core-WebApi", "..\DotNet-Core-WebApi\DotNet-Core-WebApi.csproj", "{EBA1109F-8911-48B4-8EA9-06126A69F864}"
EndProject
Project("{FAE04EC0-301F-11D3-BF4B-00C04F79EFBC}") = "nlogconsoleapp.Tests", "..\nlogconsoleapp.Tests\nlogconsoleapp.Tests.csproj", "{79B06EF8-FC32-4E83-998C-C1541AC70983}"
EndProject
Project("{FAE04EC0-301F-11D3-BF4B-00C04F79EFBC}") = "DotNet-Core-WebApiTests", "..\DotNet-Core-WebApiTests\DotNet-Core-WebApiTests.csproj", "{1B0C5619-2953-4925-B7DD-CFCEC5A105D3}"
EndProject
Global
	GlobalSection(SolutionConfigurationPlatforms) = preSolution
		Debug|Any CPU = Debug|Any CPU
		Release|Any CPU = Release|Any CPU
	EndGlobalSection
	GlobalSection(ProjectConfigurationPlatforms) = postSolution
		{6979B37C-5268-4AAB-9D00-A9927136A323}.Debug|Any CPU.ActiveCfg = Debug|Any CPU
		{6979B37C-5268-4AAB-9D00-A9927136A323}.Debug|Any CPU.Build.0 = Debug|Any CPU
		{6979B37C-5268-4AAB-9D00-A9927136A323}.Release|Any CPU.ActiveCfg = Release|Any CPU
		{6979B37C-5268-4AAB-9D00-A9927136A323}.Release|Any CPU.Build.0 = Release|Any CPU
		{EBA1109F-8911-48B4-8EA9-06126A69F864}.Debug|Any CPU.ActiveCfg = Debug|Any CPU
		{EBA1109F-8911-48B4-8EA9-06126A69F864}.Debug|Any CPU.Build.0 = Debug|Any CPU
		{EBA1109F-8911-48B4-8EA9-06126A69F864}.Release|Any CPU.ActiveCfg = Release|Any CPU
		{EBA1109F-8911-48B4-8EA9-06126A69F864}.Release|Any CPU.Build.0 = Release|Any CPU
		{79B06EF8-FC32-4E83-998C-C1541AC70983}.Debug|Any CPU.ActiveCfg = Debug|Any CPU
		{79B06EF8-FC32-4E83-998C-C1541AC70983}.Debug|Any CPU.Build.0 = Debug|Any CPU
		{79B06EF8-FC32-4E83-998C-C1541AC70983}.Release|Any CPU.ActiveCfg = Release|Any CPU
		{79B06EF8-FC32-4E83-998C-C1541AC70983}.Release|Any CPU.Build.0 = Release|Any CPU
		{1B0C5619-2953-4925-B7DD-CFCEC5A105D3}.Debug|Any CPU.ActiveCfg = Debug|Any CPU
		{1B0C5619-2953-4925-B7DD-CFCEC5A105D3}.Debug|Any CPU.Build.0 = Debug|Any CPU
		{1B0C5619-2953-4925-B7DD-CFCEC5A105D3}.Release|Any CPU.ActiveCfg = Release|Any CPU
		{1B0C5619-2953-4925-B7DD-CFCEC5A105D3}.Release|Any CPU.Build.0 = Release|Any CPU
	EndGlobalSection
	GlobalSection(SolutionProperties) = preSolution
		HideSolutionNode = FALSE
	EndGlobalSection
EndGlobal
